
Microsoft Visual Studio Solution File, Format Version 12.00
# Visual Studio Version 16
VisualStudioVersion = 16.0.29509.3
MinimumVisualStudioVersion = 10.0.40219.1
Project("{9A19103F-16F7-4668-BE54-9A1E7A4F7556}") = "MagicaPlane", "MagicaPlane\MagicaPlane.csproj", "{495589BE-7A05-4E37-B006-E80F54FA444F}"
EndProject
Project("{FAE04EC0-301F-11D3-BF4B-00C04F79EFBC}") = "MagicaPlaneProject", "MagicaPlaneProject\MagicaPlaneProject.csproj", "{9009CF4B-BCEB-468F-B093-866F2A435FBC}"
EndProject
Global
	GlobalSection(SolutionConfigurationPlatforms) = preSolution
		Debug|Any CPU = Debug|Any CPU
		Release|Any CPU = Release|Any CPU
	EndGlobalSection
	GlobalSection(ProjectConfigurationPlatforms) = postSolution
		{495589BE-7A05-4E37-B006-E80F54FA444F}.Debug|Any CPU.ActiveCfg = Debug|Any CPU
		{495589BE-7A05-4E37-B006-E80F54FA444F}.Debug|Any CPU.Build.0 = Debug|Any CPU
		{495589BE-7A05-4E37-B006-E80F54FA444F}.Release|Any CPU.ActiveCfg = Release|Any CPU
		{495589BE-7A05-4E37-B006-E80F54FA444F}.Release|Any CPU.Build.0 = Release|Any CPU
		{9009CF4B-BCEB-468F-B093-866F2A435FBC}.Debug|Any CPU.ActiveCfg = Debug|Any CPU
		{9009CF4B-BCEB-468F-B093-866F2A435FBC}.Debug|Any CPU.Build.0 = Debug|Any CPU
		{9009CF4B-BCEB-468F-B093-866F2A435FBC}.Release|Any CPU.ActiveCfg = Release|Any CPU
		{9009CF4B-BCEB-468F-B093-866F2A435FBC}.Release|Any CPU.Build.0 = Release|Any CPU
	EndGlobalSection
	GlobalSection(SolutionProperties) = preSolution
		HideSolutionNode = FALSE
	EndGlobalSection
	GlobalSection(ExtensibilityGlobals) = postSolution
		SolutionGuid = {60F9165F-97BA-4E91-A27D-E56179E00C02}
	EndGlobalSection
EndGlobal
